
Microsoft Visual Studio Solution File, Format Version 12.00
# Visual Studio Version 16
VisualStudioVersion = 16.0.30204.135
MinimumVisualStudioVersion = 10.0.40219.1
Project("{FAE04EC0-301F-11D3-BF4B-00C04F79EFBC}") = "InputViewer", "InputViewer.csproj", "{2A780CF0-60C5-44AC-8850-F1F19130769C}"
EndProject
Global
	GlobalSection(SolutionConfigurationPlatforms) = preSolution
		Debug|Any CPU = Debug|Any CPU
		Release|Any CPU = Release|Any CPU
	EndGlobalSection
	GlobalSection(ProjectConfigurationPlatforms) = postSolution
		{2A780CF0-60C5-44AC-8850-F1F19130769C}.Debug|Any CPU.ActiveCfg = Debug|Any CPU
		{2A780CF0-60C5-44AC-8850-F1F19130769C}.Debug|Any CPU.Build.0 = Debug|Any CPU
		{2A780CF0-60C5-44AC-8850-F1F19130769C}.Release|Any CPU.ActiveCfg = Release|Any CPU
		{2A780CF0-60C5-44AC-8850-F1F19130769C}.Release|Any CPU.Build.0 = Release|Any CPU
	EndGlobalSection
	GlobalSection(SolutionProperties) = preSolution
		HideSolutionNode = FALSE
	EndGlobalSection
	GlobalSection(ExtensibilityGlobals) = postSolution
		SolutionGuid = {6130DF9A-BD69-4990-B8A8-BE34AD9D3EB2}
	EndGlobalSection
EndGlobal
